
Microsoft Visual Studio Solution File, Format Version 12.00
# Visual Studio Version 17
VisualStudioVersion = 17.6.33723.286
MinimumVisualStudioVersion = 10.0.40219.1
Project("{FAE04EC0-301F-11D3-BF4B-00C04F79EFBC}") = "Indrodução", "Indrodução\Indrodução.csproj", "{9563B074-D94B-4239-8D0F-927A21C61F87}"
EndProject
Global
	GlobalSection(SolutionConfigurationPlatforms) = preSolution
		Debug|Any CPU = Debug|Any CPU
		Release|Any CPU = Release|Any CPU
	EndGlobalSection
	GlobalSection(ProjectConfigurationPlatforms) = postSolution
		{9563B074-D94B-4239-8D0F-927A21C61F87}.Debug|Any CPU.ActiveCfg = Debug|Any CPU
		{9563B074-D94B-4239-8D0F-927A21C61F87}.Debug|Any CPU.Build.0 = Debug|Any CPU
		{9563B074-D94B-4239-8D0F-927A21C61F87}.Release|Any CPU.ActiveCfg = Release|Any CPU
		{9563B074-D94B-4239-8D0F-927A21C61F87}.Release|Any CPU.Build.0 = Release|Any CPU
	EndGlobalSection
	GlobalSection(SolutionProperties) = preSolution
		HideSolutionNode = FALSE
	EndGlobalSection
	GlobalSection(ExtensibilityGlobals) = postSolution
		SolutionGuid = {AD907BF8-0B38-4A96-91CB-7E06A7B79442}
	EndGlobalSection
EndGlobal
